
Microsoft Visual Studio Solution File, Format Version 12.00
# Visual Studio 15
VisualStudioVersion = 15.0.27130.2010
MinimumVisualStudioVersion = 10.0.40219.1
Project("{FAE04EC0-301F-11D3-BF4B-00C04F79EFBC}") = "SnapEx", "SnapEx\SnapEx.csproj", "{90E81E37-1ECB-48D1-AEF7-2372B9B3F32F}"
	ProjectSection(ProjectDependencies) = postProject
		{FF579802-FFB6-4344-8EC3-1A1EA0E92C55} = {FF579802-FFB6-4344-8EC3-1A1EA0E92C55}
	EndProjectSection
EndProject
Project("{FAE04EC0-301F-11D3-BF4B-00C04F79EFBC}") = "License", "License\License.csproj", "{2EE2B10C-98CD-4372-90B2-A4FA916C7C9D}"
EndProject
Project("{FAE04EC0-301F-11D3-BF4B-00C04F79EFBC}") = "DataAccess", "DataAccess\DataAccess.csproj", "{7871D240-8520-480D-8332-EBD13765C828}"
EndProject
Project("{FAE04EC0-301F-11D3-BF4B-00C04F79EFBC}") = "EactConfig", "EactConfig\EactConfig.csproj", "{06F3B5ED-8CA4-47BC-855B-EFC2F4ACF845}"
	ProjectSection(ProjectDependencies) = postProject
		{90E81E37-1ECB-48D1-AEF7-2372B9B3F32F} = {90E81E37-1ECB-48D1-AEF7-2372B9B3F32F}
	EndProjectSection
EndProject
Project("{FAE04EC0-301F-11D3-BF4B-00C04F79EFBC}") = "ElecManage", "ElecManage\ElecManage.csproj", "{2532C907-1BAA-4DB7-AD08-E1A0C335CA32}"
	ProjectSection(ProjectDependencies) = postProject
		{FF579802-FFB6-4344-8EC3-1A1EA0E92C55} = {FF579802-FFB6-4344-8EC3-1A1EA0E92C55}
		{90E81E37-1ECB-48D1-AEF7-2372B9B3F32F} = {90E81E37-1ECB-48D1-AEF7-2372B9B3F32F}
	EndProjectSection
EndProject
Project("{FAE04EC0-301F-11D3-BF4B-00C04F79EFBC}") = "AssemblyLoader", "AssemblyLoader\AssemblyLoader.csproj", "{4D127110-1258-4440-8F7A-5D630B67AB33}"
EndProject
Project("{FAE04EC0-301F-11D3-BF4B-00C04F79EFBC}") = "EactBomUI", "EactBomUI\EactBomUI.csproj", "{65E5174A-D596-4B57-954E-265F701DD50E}"
EndProject
Project("{FAE04EC0-301F-11D3-BF4B-00C04F79EFBC}") = "EactBom", "EactBom\EactBom.csproj", "{08C8EB13-86D8-4C28-9E20-E9FE870FE7B2}"
EndProject
Project("{FAE04EC0-301F-11D3-BF4B-00C04F79EFBC}") = "FlieFTP", "FlieFTP\FlieFTP.csproj", "{8BCB4146-029D-4288-BE37-5AD851B7816F}"
EndProject
Project("{FAE04EC0-301F-11D3-BF4B-00C04F79EFBC}") = "UGUI", "UGUI\UGUI.csproj", "{FFCE1655-B1B0-46FD-93A7-1793E8DB1069}"
	ProjectSection(ProjectDependencies) = postProject
		{FF579802-FFB6-4344-8EC3-1A1EA0E92C55} = {FF579802-FFB6-4344-8EC3-1A1EA0E92C55}
		{90E81E37-1ECB-48D1-AEF7-2372B9B3F32F} = {90E81E37-1ECB-48D1-AEF7-2372B9B3F32F}
	EndProjectSection
EndProject
Project("{FAE04EC0-301F-11D3-BF4B-00C04F79EFBC}") = "RotationElec", "RotationElecEntry\RotationElec.csproj", "{11AE1661-E590-429A-96C7-2D05D9D8AD5F}"
EndProject
Project("{FAE04EC0-301F-11D3-BF4B-00C04F79EFBC}") = "RotationElecUI", "RotationElec\RotationElecUI.csproj", "{692A1CBC-970C-42F2-AD8F-0375B0307210}"
	ProjectSection(ProjectDependencies) = postProject
		{FF579802-FFB6-4344-8EC3-1A1EA0E92C55} = {FF579802-FFB6-4344-8EC3-1A1EA0E92C55}
		{90E81E37-1ECB-48D1-AEF7-2372B9B3F32F} = {90E81E37-1ECB-48D1-AEF7-2372B9B3F32F}
	EndProjectSection
EndProject
Project("{FAE04EC0-301F-11D3-BF4B-00C04F79EFBC}") = "PHSnapV6", "PHSnapV6\PHSnapV6.csproj", "{FF579802-FFB6-4344-8EC3-1A1EA0E92C55}"
EndProject
Project("{FAE04EC0-301F-11D3-BF4B-00C04F79EFBC}") = "GeomcopyElec", "GeomcopyElec\GeomcopyElec.csproj", "{04DAA9C0-A70D-4D52-B409-5431C0B5D2E2}"
EndProject
Project("{FAE04EC0-301F-11D3-BF4B-00C04F79EFBC}") = "GeomcopyElecUI", "GeomcopyElecUI\GeomcopyElecUI.csproj", "{79EE2468-1D92-408B-AA58-1C277E09E658}"
	ProjectSection(ProjectDependencies) = postProject
		{FF579802-FFB6-4344-8EC3-1A1EA0E92C55} = {FF579802-FFB6-4344-8EC3-1A1EA0E92C55}
		{90E81E37-1ECB-48D1-AEF7-2372B9B3F32F} = {90E81E37-1ECB-48D1-AEF7-2372B9B3F32F}
	EndProjectSection
EndProject
Project("{FAE04EC0-301F-11D3-BF4B-00C04F79EFBC}") = "BatchGeomcopyElecUI", "BatchGeomcopyElecUI\BatchGeomcopyElecUI.csproj", "{07FDEA51-090C-49A5-8F05-5E6E2B598CE4}"
	ProjectSection(ProjectDependencies) = postProject
		{FF579802-FFB6-4344-8EC3-1A1EA0E92C55} = {FF579802-FFB6-4344-8EC3-1A1EA0E92C55}
		{90E81E37-1ECB-48D1-AEF7-2372B9B3F32F} = {90E81E37-1ECB-48D1-AEF7-2372B9B3F32F}
	EndProjectSection
EndProject
Project("{FAE04EC0-301F-11D3-BF4B-00C04F79EFBC}") = "batchGeomcopyElec", "batchGeomcopyElec\batchGeomcopyElec.csproj", "{FA0DC1E8-7AAA-4258-A63B-EC3FE45F1750}"
EndProject
Project("{FAE04EC0-301F-11D3-BF4B-00C04F79EFBC}") = "PHSnap", "Snap\PHSnap.csproj", "{C3815D90-27D4-4151-A8AE-1AD7A1367F53}"
EndProject
Global
	GlobalSection(SolutionConfigurationPlatforms) = preSolution
		Debug|Any CPU = Debug|Any CPU
		Debug|x86 = Debug|x86
		Release|Any CPU = Release|Any CPU
		Release|x86 = Release|x86
	EndGlobalSection
	GlobalSection(ProjectConfigurationPlatforms) = postSolution
		{90E81E37-1ECB-48D1-AEF7-2372B9B3F32F}.Debug|Any CPU.ActiveCfg = Debug|Any CPU
		{90E81E37-1ECB-48D1-AEF7-2372B9B3F32F}.Debug|Any CPU.Build.0 = Debug|Any CPU
		{90E81E37-1ECB-48D1-AEF7-2372B9B3F32F}.Debug|x86.ActiveCfg = Debug|Any CPU
		{90E81E37-1ECB-48D1-AEF7-2372B9B3F32F}.Debug|x86.Build.0 = Debug|Any CPU
		{90E81E37-1ECB-48D1-AEF7-2372B9B3F32F}.Release|Any CPU.ActiveCfg = Release|Any CPU
		{90E81E37-1ECB-48D1-AEF7-2372B9B3F32F}.Release|Any CPU.Build.0 = Release|Any CPU
		{90E81E37-1ECB-48D1-AEF7-2372B9B3F32F}.Release|x86.ActiveCfg = Release|Any CPU
		{90E81E37-1ECB-48D1-AEF7-2372B9B3F32F}.Release|x86.Build.0 = Release|Any CPU
		{2EE2B10C-98CD-4372-90B2-A4FA916C7C9D}.Debug|Any CPU.ActiveCfg = Debug|Any CPU
		{2EE2B10C-98CD-4372-90B2-A4FA916C7C9D}.Debug|Any CPU.Build.0 = Debug|Any CPU
		{2EE2B10C-98CD-4372-90B2-A4FA916C7C9D}.Debug|x86.ActiveCfg = Debug|Any CPU
		{2EE2B10C-98CD-4372-90B2-A4FA916C7C9D}.Debug|x86.Build.0 = Debug|Any CPU
		{2EE2B10C-98CD-4372-90B2-A4FA916C7C9D}.Release|Any CPU.ActiveCfg = Release|Any CPU
		{2EE2B10C-98CD-4372-90B2-A4FA916C7C9D}.Release|Any CPU.Build.0 = Release|Any CPU
		{2EE2B10C-98CD-4372-90B2-A4FA916C7C9D}.Release|x86.ActiveCfg = Release|Any CPU
		{2EE2B10C-98CD-4372-90B2-A4FA916C7C9D}.Release|x86.Build.0 = Release|Any CPU
		{7871D240-8520-480D-8332-EBD13765C828}.Debug|Any CPU.ActiveCfg = Debug|Any CPU
		{7871D240-8520-480D-8332-EBD13765C828}.Debug|Any CPU.Build.0 = Debug|Any CPU
		{7871D240-8520-480D-8332-EBD13765C828}.Debug|x86.ActiveCfg = Debug|Any CPU
		{7871D240-8520-480D-8332-EBD13765C828}.Debug|x86.Build.0 = Debug|Any CPU
		{7871D240-8520-480D-8332-EBD13765C828}.Release|Any CPU.ActiveCfg = Release|Any CPU
		{7871D240-8520-480D-8332-EBD13765C828}.Release|Any CPU.Build.0 = Release|Any CPU
		{7871D240-8520-480D-8332-EBD13765C828}.Release|x86.ActiveCfg = Release|Any CPU
		{7871D240-8520-480D-8332-EBD13765C828}.Release|x86.Build.0 = Release|Any CPU
		{06F3B5ED-8CA4-47BC-855B-EFC2F4ACF845}.Debug|Any CPU.ActiveCfg = Debug|Any CPU
		{06F3B5ED-8CA4-47BC-855B-EFC2F4ACF845}.Debug|Any CPU.Build.0 = Debug|Any CPU
		{06F3B5ED-8CA4-47BC-855B-EFC2F4ACF845}.Debug|x86.ActiveCfg = Debug|Any CPU
		{06F3B5ED-8CA4-47BC-855B-EFC2F4ACF845}.Debug|x86.Build.0 = Debug|Any CPU
		{06F3B5ED-8CA4-47BC-855B-EFC2F4ACF845}.Release|Any CPU.ActiveCfg = Release|Any CPU
		{06F3B5ED-8CA4-47BC-855B-EFC2F4ACF845}.Release|Any CPU.Build.0 = Release|Any CPU
		{06F3B5ED-8CA4-47BC-855B-EFC2F4ACF845}.Release|x86.ActiveCfg = Release|Any CPU
		{06F3B5ED-8CA4-47BC-855B-EFC2F4ACF845}.Release|x86.Build.0 = Release|Any CPU
		{2532C907-1BAA-4DB7-AD08-E1A0C335CA32}.Debug|Any CPU.ActiveCfg = Debug|Any CPU
		{2532C907-1BAA-4DB7-AD08-E1A0C335CA32}.Debug|Any CPU.Build.0 = Debug|Any CPU
		{2532C907-1BAA-4DB7-AD08-E1A0C335CA32}.Debug|x86.ActiveCfg = Debug|Any CPU
		{2532C907-1BAA-4DB7-AD08-E1A0C335CA32}.Debug|x86.Build.0 = Debug|Any CPU
		{2532C907-1BAA-4DB7-AD08-E1A0C335CA32}.Release|Any CPU.ActiveCfg = Release|Any CPU
		{2532C907-1BAA-4DB7-AD08-E1A0C335CA32}.Release|Any CPU.Build.0 = Release|Any CPU
		{2532C907-1BAA-4DB7-AD08-E1A0C335CA32}.Release|x86.ActiveCfg = Release|Any CPU
		{2532C907-1BAA-4DB7-AD08-E1A0C335CA32}.Release|x86.Build.0 = Release|Any CPU
		{4D127110-1258-4440-8F7A-5D630B67AB33}.Debug|Any CPU.ActiveCfg = Debug|Any CPU
		{4D127110-1258-4440-8F7A-5D630B67AB33}.Debug|Any CPU.Build.0 = Debug|Any CPU
		{4D127110-1258-4440-8F7A-5D630B67AB33}.Debug|x86.ActiveCfg = Debug|Any CPU
		{4D127110-1258-4440-8F7A-5D630B67AB33}.Debug|x86.Build.0 = Debug|Any CPU
		{4D127110-1258-4440-8F7A-5D630B67AB33}.Release|Any CPU.ActiveCfg = Release|Any CPU
		{4D127110-1258-4440-8F7A-5D630B67AB33}.Release|Any CPU.Build.0 = Release|Any CPU
		{4D127110-1258-4440-8F7A-5D630B67AB33}.Release|x86.ActiveCfg = Release|Any CPU
		{4D127110-1258-4440-8F7A-5D630B67AB33}.Release|x86.Build.0 = Release|Any CPU
		{65E5174A-D596-4B57-954E-265F701DD50E}.Debug|Any CPU.ActiveCfg = Debug|Any CPU
		{65E5174A-D596-4B57-954E-265F701DD50E}.Debug|Any CPU.Build.0 = Debug|Any CPU
		{65E5174A-D596-4B57-954E-265F701DD50E}.Debug|x86.ActiveCfg = Debug|Any CPU
		{65E5174A-D596-4B57-954E-265F701DD50E}.Debug|x86.Build.0 = Debug|Any CPU
		{65E5174A-D596-4B57-954E-265F701DD50E}.Release|Any CPU.ActiveCfg = Release|Any CPU
		{65E5174A-D596-4B57-954E-265F701DD50E}.Release|Any CPU.Build.0 = Release|Any CPU
		{65E5174A-D596-4B57-954E-265F701DD50E}.Release|x86.ActiveCfg = Release|Any CPU
		{65E5174A-D596-4B57-954E-265F701DD50E}.Release|x86.Build.0 = Release|Any CPU
		{08C8EB13-86D8-4C28-9E20-E9FE870FE7B2}.Debug|Any CPU.ActiveCfg = Debug|Any CPU
		{08C8EB13-86D8-4C28-9E20-E9FE870FE7B2}.Debug|Any CPU.Build.0 = Debug|Any CPU
		{08C8EB13-86D8-4C28-9E20-E9FE870FE7B2}.Debug|x86.ActiveCfg = Debug|Any CPU
		{08C8EB13-86D8-4C28-9E20-E9FE870FE7B2}.Debug|x86.Build.0 = Debug|Any CPU
		{08C8EB13-86D8-4C28-9E20-E9FE870FE7B2}.Release|Any CPU.ActiveCfg = Release|Any CPU
		{08C8EB13-86D8-4C28-9E20-E9FE870FE7B2}.Release|Any CPU.Build.0 = Release|Any CPU
		{08C8EB13-86D8-4C28-9E20-E9FE870FE7B2}.Release|x86.ActiveCfg = Release|Any CPU
		{08C8EB13-86D8-4C28-9E20-E9FE870FE7B2}.Release|x86.Build.0 = Release|Any CPU
		{8BCB4146-029D-4288-BE37-5AD851B7816F}.Debug|Any CPU.ActiveCfg = Debug|Any CPU
		{8BCB4146-029D-4288-BE37-5AD851B7816F}.Debug|Any CPU.Build.0 = Debug|Any CPU
		{8BCB4146-029D-4288-BE37-5AD851B7816F}.Debug|x86.ActiveCfg = Debug|Any CPU
		{8BCB4146-029D-4288-BE37-5AD851B7816F}.Debug|x86.Build.0 = Debug|Any CPU
		{8BCB4146-029D-4288-BE37-5AD851B7816F}.Release|Any CPU.ActiveCfg = Release|Any CPU
		{8BCB4146-029D-4288-BE37-5AD851B7816F}.Release|Any CPU.Build.0 = Release|Any CPU
		{8BCB4146-029D-4288-BE37-5AD851B7816F}.Release|x86.ActiveCfg = Release|Any CPU
		{8BCB4146-029D-4288-BE37-5AD851B7816F}.Release|x86.Build.0 = Release|Any CPU
		{FFCE1655-B1B0-46FD-93A7-1793E8DB1069}.Debug|Any CPU.ActiveCfg = Debug|Any CPU
		{FFCE1655-B1B0-46FD-93A7-1793E8DB1069}.Debug|Any CPU.Build.0 = Debug|Any CPU
		{FFCE1655-B1B0-46FD-93A7-1793E8DB1069}.Debug|x86.ActiveCfg = Debug|Any CPU
		{FFCE1655-B1B0-46FD-93A7-1793E8DB1069}.Debug|x86.Build.0 = Debug|Any CPU
		{FFCE1655-B1B0-46FD-93A7-1793E8DB1069}.Release|Any CPU.ActiveCfg = Release|Any CPU
		{FFCE1655-B1B0-46FD-93A7-1793E8DB1069}.Release|Any CPU.Build.0 = Release|Any CPU
		{FFCE1655-B1B0-46FD-93A7-1793E8DB1069}.Release|x86.ActiveCfg = Release|Any CPU
		{FFCE1655-B1B0-46FD-93A7-1793E8DB1069}.Release|x86.Build.0 = Release|Any CPU
		{11AE1661-E590-429A-96C7-2D05D9D8AD5F}.Debug|Any CPU.ActiveCfg = Debug|Any CPU
		{11AE1661-E590-429A-96C7-2D05D9D8AD5F}.Debug|Any CPU.Build.0 = Debug|Any CPU
		{11AE1661-E590-429A-96C7-2D05D9D8AD5F}.Debug|x86.ActiveCfg = Debug|Any CPU
		{11AE1661-E590-429A-96C7-2D05D9D8AD5F}.Debug|x86.Build.0 = Debug|Any CPU
		{11AE1661-E590-429A-96C7-2D05D9D8AD5F}.Release|Any CPU.ActiveCfg = Release|Any CPU
		{11AE1661-E590-429A-96C7-2D05D9D8AD5F}.Release|Any CPU.Build.0 = Release|Any CPU
		{11AE1661-E590-429A-96C7-2D05D9D8AD5F}.Release|x86.ActiveCfg = Release|Any CPU
		{11AE1661-E590-429A-96C7-2D05D9D8AD5F}.Release|x86.Build.0 = Release|Any CPU
		{692A1CBC-970C-42F2-AD8F-0375B0307210}.Debug|Any CPU.ActiveCfg = Debug|Any CPU
		{692A1CBC-970C-42F2-AD8F-0375B0307210}.Debug|Any CPU.Build.0 = Debug|Any CPU
		{692A1CBC-970C-42F2-AD8F-0375B0307210}.Debug|x86.ActiveCfg = Debug|Any CPU
		{692A1CBC-970C-42F2-AD8F-0375B0307210}.Debug|x86.Build.0 = Debug|Any CPU
		{692A1CBC-970C-42F2-AD8F-0375B0307210}.Release|Any CPU.ActiveCfg = Release|Any CPU
		{692A1CBC-970C-42F2-AD8F-0375B0307210}.Release|Any CPU.Build.0 = Release|Any CPU
		{692A1CBC-970C-42F2-AD8F-0375B0307210}.Release|x86.ActiveCfg = Release|Any CPU
		{692A1CBC-970C-42F2-AD8F-0375B0307210}.Release|x86.Build.0 = Release|Any CPU
		{FF579802-FFB6-4344-8EC3-1A1EA0E92C55}.Debug|Any CPU.ActiveCfg = Debug|x86
		{FF579802-FFB6-4344-8EC3-1A1EA0E92C55}.Debug|x86.ActiveCfg = Debug|x86
		{FF579802-FFB6-4344-8EC3-1A1EA0E92C55}.Debug|x86.Build.0 = Debug|x86
		{FF579802-FFB6-4344-8EC3-1A1EA0E92C55}.Release|Any CPU.ActiveCfg = Release|x86
		{FF579802-FFB6-4344-8EC3-1A1EA0E92C55}.Release|x86.ActiveCfg = Release|x86
		{FF579802-FFB6-4344-8EC3-1A1EA0E92C55}.Release|x86.Build.0 = Release|x86
		{04DAA9C0-A70D-4D52-B409-5431C0B5D2E2}.Debug|Any CPU.ActiveCfg = Debug|Any CPU
		{04DAA9C0-A70D-4D52-B409-5431C0B5D2E2}.Debug|Any CPU.Build.0 = Debug|Any CPU
		{04DAA9C0-A70D-4D52-B409-5431C0B5D2E2}.Debug|x86.ActiveCfg = Debug|Any CPU
		{04DAA9C0-A70D-4D52-B409-5431C0B5D2E2}.Debug|x86.Build.0 = Debug|Any CPU
		{04DAA9C0-A70D-4D52-B409-5431C0B5D2E2}.Release|Any CPU.ActiveCfg = Release|Any CPU
		{04DAA9C0-A70D-4D52-B409-5431C0B5D2E2}.Release|Any CPU.Build.0 = Release|Any CPU
		{04DAA9C0-A70D-4D52-B409-5431C0B5D2E2}.Release|x86.ActiveCfg = Release|Any CPU
		{04DAA9C0-A70D-4D52-B409-5431C0B5D2E2}.Release|x86.Build.0 = Release|Any CPU
		{79EE2468-1D92-408B-AA58-1C277E09E658}.Debug|Any CPU.ActiveCfg = Debug|Any CPU
		{79EE2468-1D92-408B-AA58-1C277E09E658}.Debug|Any CPU.Build.0 = Debug|Any CPU
		{79EE2468-1D92-408B-AA58-1C277E09E658}.Debug|x86.ActiveCfg = Debug|Any CPU
		{79EE2468-1D92-408B-AA58-1C277E09E658}.Debug|x86.Build.0 = Debug|Any CPU
		{79EE2468-1D92-408B-AA58-1C277E09E658}.Release|Any CPU.ActiveCfg = Release|Any CPU
		{79EE2468-1D92-408B-AA58-1C277E09E658}.Release|Any CPU.Build.0 = Release|Any CPU
		{79EE2468-1D92-408B-AA58-1C277E09E658}.Release|x86.ActiveCfg = Release|Any CPU
		{79EE2468-1D92-408B-AA58-1C277E09E658}.Release|x86.Build.0 = Release|Any CPU
		{07FDEA51-090C-49A5-8F05-5E6E2B598CE4}.Debug|Any CPU.ActiveCfg = Debug|Any CPU
		{07FDEA51-090C-49A5-8F05-5E6E2B598CE4}.Debug|Any CPU.Build.0 = Debug|Any CPU
		{07FDEA51-090C-49A5-8F05-5E6E2B598CE4}.Debug|x86.ActiveCfg = Debug|Any CPU
		{07FDEA51-090C-49A5-8F05-5E6E2B598CE4}.Debug|x86.Build.0 = Debug|Any CPU
		{07FDEA51-090C-49A5-8F05-5E6E2B598CE4}.Release|Any CPU.ActiveCfg = Release|Any CPU
		{07FDEA51-090C-49A5-8F05-5E6E2B598CE4}.Release|Any CPU.Build.0 = Release|Any CPU
		{07FDEA51-090C-49A5-8F05-5E6E2B598CE4}.Release|x86.ActiveCfg = Release|Any CPU
		{07FDEA51-090C-49A5-8F05-5E6E2B598CE4}.Release|x86.Build.0 = Release|Any CPU
		{FA0DC1E8-7AAA-4258-A63B-EC3FE45F1750}.Debug|Any CPU.ActiveCfg = Debug|Any CPU
		{FA0DC1E8-7AAA-4258-A63B-EC3FE45F1750}.Debug|Any CPU.Build.0 = Debug|Any CPU
		{FA0DC1E8-7AAA-4258-A63B-EC3FE45F1750}.Debug|x86.ActiveCfg = Debug|Any CPU
		{FA0DC1E8-7AAA-4258-A63B-EC3FE45F1750}.Debug|x86.Build.0 = Debug|Any CPU
		{FA0DC1E8-7AAA-4258-A63B-EC3FE45F1750}.Release|Any CPU.ActiveCfg = Release|Any CPU
		{FA0DC1E8-7AAA-4258-A63B-EC3FE45F1750}.Release|Any CPU.Build.0 = Release|Any CPU
		{FA0DC1E8-7AAA-4258-A63B-EC3FE45F1750}.Release|x86.ActiveCfg = Release|Any CPU
		{FA0DC1E8-7AAA-4258-A63B-EC3FE45F1750}.Release|x86.Build.0 = Release|Any CPU
		{C3815D90-27D4-4151-A8AE-1AD7A1367F53}.Debug|Any CPU.ActiveCfg = Debug|x86
		{C3815D90-27D4-4151-A8AE-1AD7A1367F53}.Debug|x86.ActiveCfg = Debug|x86
		{C3815D90-27D4-4151-A8AE-1AD7A1367F53}.Debug|x86.Build.0 = Debug|x86
		{C3815D90-27D4-4151-A8AE-1AD7A1367F53}.Release|Any CPU.ActiveCfg = Release|x86
		{C3815D90-27D4-4151-A8AE-1AD7A1367F53}.Release|x86.ActiveCfg = Release|x86
		{C3815D90-27D4-4151-A8AE-1AD7A1367F53}.Release|x86.Build.0 = Release|x86
	EndGlobalSection
	GlobalSection(SolutionProperties) = preSolution
		HideSolutionNode = FALSE
	EndGlobalSection
	GlobalSection(ExtensibilityGlobals) = postSolution
		SolutionGuid = {19902A08-5E5D-4A15-AEB9-5640C6A5E1EB}
	EndGlobalSection
EndGlobal
