
Microsoft Visual Studio Solution File, Format Version 12.00
# Visual Studio 15
VisualStudioVersion = 15.0.27130.2010
MinimumVisualStudioVersion = 10.0.40219.1
Project("{FAE04EC0-301F-11D3-BF4B-00C04F79EFBC}") = "PHSnapV6", "PHEactV6\PHSnapV6.csproj", "{FF579802-FFB6-4344-8EC3-1A1EA0E92C55}"
EndProject
Global
	GlobalSection(SolutionConfigurationPlatforms) = preSolution
		Debug|x86 = Debug|x86
		Release|x86 = Release|x86
	EndGlobalSection
	GlobalSection(ProjectConfigurationPlatforms) = postSolution
		{FF579802-FFB6-4344-8EC3-1A1EA0E92C55}.Debug|x86.ActiveCfg = Debug|x86
		{FF579802-FFB6-4344-8EC3-1A1EA0E92C55}.Debug|x86.Build.0 = Debug|x86
		{FF579802-FFB6-4344-8EC3-1A1EA0E92C55}.Release|x86.ActiveCfg = Release|x86
		{FF579802-FFB6-4344-8EC3-1A1EA0E92C55}.Release|x86.Build.0 = Release|x86
	EndGlobalSection
	GlobalSection(SolutionProperties) = preSolution
		HideSolutionNode = FALSE
	EndGlobalSection
	GlobalSection(ExtensibilityGlobals) = postSolution
		SolutionGuid = {19902A08-5E5D-4A15-AEB9-5640C6A5E1EB}
	EndGlobalSection
EndGlobal
